PODS:
  - contact_fetcher (0.0.1):
    - Flutter
  - Flutter (1.0.0)
  - integration_test (0.0.1):
    - Flutter

DEPENDENCIES:
  - contact_fetcher (from `.symlinks/plugins/contact_fetcher/ios`)
  - Flutter (from `Flutter`)
  - integration_test (from `.symlinks/plugins/integration_test/ios`)

EXTERNAL SOURCES:
  contact_fetcher:
    :path: ".symlinks/plugins/contact_fetcher/ios"
  Flutter:
    :path: Flutter
  integration_test:
    :path: ".symlinks/plugins/integration_test/ios"

SPEC CHECKSUMS:
  contact_fetcher: 6a5faf13161a29ee0677bb8a5a77884e7f453813
  Flutter: e0871f40cf51350855a761d2e70bf5af5b9b5de7
  integration_test: 13825b8a9334a850581300559b8839134b124670

PODFILE CHECKSUM: e008cdb6c294d660abf4a84054ae30386f103e28

COCOAPODS: 1.15.2
